PODS:
  - BSupermanUIKit (0.1.5)
  - RxCocoa (4.1.2):
    - RxSwift (~> 4.0)
  - RxSwift (4.1.2)
  - SnapKit (4.0.0)
  - Then (2.3.0)

DEPENDENCIES:
  - BSupermanUIKit (from `../`)
  - RxCocoa
  - RxSwift
  - SnapKit (~> 4.0.0)
  - Then

EXTERNAL SOURCES:
  BSupermanUIKit:
    :path: ../

SPEC CHECKSUMS:
  BSupermanUIKit: bb460e86069c3cd41003e3782b55baccb49e1833
  RxCocoa: d88ba0f1f6abf040011a9eb4b539324fc426843a
  RxSwift: e49536837d9901277638493ea537394d4b55f570
  SnapKit: a42d492c16e80209130a3379f73596c3454b7694
  Then: ee21c97b85ff6062b9b0080c9abb1eea46743345

PODFILE CHECKSUM: 1431016428f2699e5000bc69760422ae11d6c71a

COCOAPODS: 1.4.0
